
Microsoft Visual Studio Solution File, Format Version 12.00
# Visual Studio 15
VisualStudioVersion = 15.0.28010.2041
MinimumVisualStudioVersion = 10.0.40219.1
Project("{FAE04EC0-301F-11D3-BF4B-00C04F79EFBC}") = "AssetManagement", "AssetManagement\AssetManagement.csproj", "{453BACEE-F4B1-4692-988A-0B52B50BA30C}"
EndProject
Global
	GlobalSection(SolutionConfigurationPlatforms) = preSolution
		Debug|Any CPU = Debug|Any CPU
		Release|Any CPU = Release|Any CPU
	EndGlobalSection
	GlobalSection(ProjectConfigurationPlatforms) = postSolution
		{453BACEE-F4B1-4692-988A-0B52B50BA30C}.Debug|Any CPU.ActiveCfg = Debug|Any CPU
		{453BACEE-F4B1-4692-988A-0B52B50BA30C}.Debug|Any CPU.Build.0 = Debug|Any CPU
		{453BACEE-F4B1-4692-988A-0B52B50BA30C}.Release|Any CPU.ActiveCfg = Release|Any CPU
		{453BACEE-F4B1-4692-988A-0B52B50BA30C}.Release|Any CPU.Build.0 = Release|Any CPU
	EndGlobalSection
	GlobalSection(SolutionProperties) = preSolution
		HideSolutionNode = FALSE
	EndGlobalSection
	GlobalSection(ExtensibilityGlobals) = postSolution
		SolutionGuid = {48DB7352-18FC-43E0-B811-C833D2C822BF}
	EndGlobalSection
EndGlobal
